
Microsoft Visual Studio Solution File, Format Version 12.00
Project("{FAE04EC0-301F-11D3-BF4B-00C04F79EFBC}") = "KataTemplate", "KataTemplate\KataTemplate.csproj", "{BAE6ACCE-7B06-4476-8B7B-AA0B957B84B9}"
EndProject
Project("{FAE04EC0-301F-11D3-BF4B-00C04F79EFBC}") = "KataTemplate.Tests", "KataTemplate.Tests\KataTemplate.Tests.csproj", "{D0A8D0E0-F0D8-490E-B5BC-4ABE4695B0B7}"
EndProject
Global
	GlobalSection(SolutionConfigurationPlatforms) = preSolution
		Debug|Any CPU = Debug|Any CPU
		Release|Any CPU = Release|Any CPU
	EndGlobalSection
	GlobalSection(ProjectConfigurationPlatforms) = postSolution
		{BAE6ACCE-7B06-4476-8B7B-AA0B957B84B9}.Debug|Any CPU.ActiveCfg = Debug|Any CPU
		{BAE6ACCE-7B06-4476-8B7B-AA0B957B84B9}.Debug|Any CPU.Build.0 = Debug|Any CPU
		{BAE6ACCE-7B06-4476-8B7B-AA0B957B84B9}.Release|Any CPU.ActiveCfg = Release|Any CPU
		{BAE6ACCE-7B06-4476-8B7B-AA0B957B84B9}.Release|Any CPU.Build.0 = Release|Any CPU
		{D0A8D0E0-F0D8-490E-B5BC-4ABE4695B0B7}.Debug|Any CPU.ActiveCfg = Debug|Any CPU
		{D0A8D0E0-F0D8-490E-B5BC-4ABE4695B0B7}.Debug|Any CPU.Build.0 = Debug|Any CPU
		{D0A8D0E0-F0D8-490E-B5BC-4ABE4695B0B7}.Release|Any CPU.ActiveCfg = Release|Any CPU
		{D0A8D0E0-F0D8-490E-B5BC-4ABE4695B0B7}.Release|Any CPU.Build.0 = Release|Any CPU
	EndGlobalSection
EndGlobal
